
Microsoft Visual Studio Solution File, Format Version 12.00
# Visual Studio Version 17
VisualStudioVersion = 17.4.33122.133
MinimumVisualStudioVersion = 10.0.40219.1
Project("{9A19103F-16F7-4668-BE54-9A1E7A4F7556}") = "02_NullConditional", "02_NullConditional\02_NullConditional.csproj", "{2DC08A01-9DEE-4E3A-AE78-FF16D24996A6}"
EndProject
Project("{9A19103F-16F7-4668-BE54-9A1E7A4F7556}") = "03_InterpolationString", "03_InterpolationString\03_InterpolationString.csproj", "{6F1EBA38-AC8E-4CB3-92EF-EAD693E28764}"
EndProject
Project("{9A19103F-16F7-4668-BE54-9A1E7A4F7556}") = "01_Delegates", "01_Delegates\01_Delegates.csproj", "{BACA2CDE-E860-485A-8640-100CC3ECA6DB}"
EndProject
Project("{FAE04EC0-301F-11D3-BF4B-00C04F79EFBC}") = "01_DelegatesUndEvents", "01_DelegatesUndEvents\01_DelegatesUndEvents.csproj", "{3680ACE2-32EE-4DB0-863A-AD784853C0B7}"
EndProject
Global
	GlobalSection(SolutionConfigurationPlatforms) = preSolution
		Debug|Any CPU = Debug|Any CPU
		Release|Any CPU = Release|Any CPU
	EndGlobalSection
	GlobalSection(ProjectConfigurationPlatforms) = postSolution
		{2DC08A01-9DEE-4E3A-AE78-FF16D24996A6}.Debug|Any CPU.ActiveCfg = Debug|Any CPU
		{2DC08A01-9DEE-4E3A-AE78-FF16D24996A6}.Debug|Any CPU.Build.0 = Debug|Any CPU
		{2DC08A01-9DEE-4E3A-AE78-FF16D24996A6}.Release|Any CPU.ActiveCfg = Release|Any CPU
		{2DC08A01-9DEE-4E3A-AE78-FF16D24996A6}.Release|Any CPU.Build.0 = Release|Any CPU
		{6F1EBA38-AC8E-4CB3-92EF-EAD693E28764}.Debug|Any CPU.ActiveCfg = Debug|Any CPU
		{6F1EBA38-AC8E-4CB3-92EF-EAD693E28764}.Debug|Any CPU.Build.0 = Debug|Any CPU
		{6F1EBA38-AC8E-4CB3-92EF-EAD693E28764}.Release|Any CPU.ActiveCfg = Release|Any CPU
		{6F1EBA38-AC8E-4CB3-92EF-EAD693E28764}.Release|Any CPU.Build.0 = Release|Any CPU
		{BACA2CDE-E860-485A-8640-100CC3ECA6DB}.Debug|Any CPU.ActiveCfg = Debug|Any CPU
		{BACA2CDE-E860-485A-8640-100CC3ECA6DB}.Debug|Any CPU.Build.0 = Debug|Any CPU
		{BACA2CDE-E860-485A-8640-100CC3ECA6DB}.Release|Any CPU.ActiveCfg = Release|Any CPU
		{BACA2CDE-E860-485A-8640-100CC3ECA6DB}.Release|Any CPU.Build.0 = Release|Any CPU
		{3680ACE2-32EE-4DB0-863A-AD784853C0B7}.Debug|Any CPU.ActiveCfg = Debug|Any CPU
		{3680ACE2-32EE-4DB0-863A-AD784853C0B7}.Debug|Any CPU.Build.0 = Debug|Any CPU
		{3680ACE2-32EE-4DB0-863A-AD784853C0B7}.Release|Any CPU.ActiveCfg = Release|Any CPU
		{3680ACE2-32EE-4DB0-863A-AD784853C0B7}.Release|Any CPU.Build.0 = Release|Any CPU
	EndGlobalSection
	GlobalSection(SolutionProperties) = preSolution
		HideSolutionNode = FALSE
	EndGlobalSection
	GlobalSection(ExtensibilityGlobals) = postSolution
		SolutionGuid = {9784378D-3441-4CBB-BBC7-35B355E83772}
	EndGlobalSection
EndGlobal
