
Microsoft Visual Studio Solution File, Format Version 12.00
# Visual Studio Version 17
VisualStudioVersion = 17.4.33122.133
MinimumVisualStudioVersion = 10.0.40219.1
Project("{9A19103F-16F7-4668-BE54-9A1E7A4F7556}") = "02_NullConditional", "02_NullConditional\02_NullConditional.csproj", "{2DC08A01-9DEE-4E3A-AE78-FF16D24996A6}"
EndProject
Project("{9A19103F-16F7-4668-BE54-9A1E7A4F7556}") = "03_InterpolationString", "03_InterpolationString\03_InterpolationString.csproj", "{6F1EBA38-AC8E-4CB3-92EF-EAD693E28764}"
EndProject
Project("{9A19103F-16F7-4668-BE54-9A1E7A4F7556}") = "01_Delegates", "01_Delegates\01_Delegates.csproj", "{BACA2CDE-E860-485A-8640-100CC3ECA6DB}"
EndProject
Project("{9A19103F-16F7-4668-BE54-9A1E7A4F7556}") = "01_DelegatesUndEvents", "01_DelegatesUndEvents\01_DelegatesUndEvents.csproj", "{3680ACE2-32EE-4DB0-863A-AD784853C0B7}"
EndProject
Project("{9A19103F-16F7-4668-BE54-9A1E7A4F7556}") = "04_LambdaExpression", "04_LambdaExpression\04_LambdaExpression.csproj", "{4345352B-B7CD-407C-B6DD-2D0CB9E4BABA}"
EndProject
Project("{9A19103F-16F7-4668-BE54-9A1E7A4F7556}") = "05_UsingStatment", "05_UsingStatment\05_UsingStatment.csproj", "{690F0C59-33F8-4A24-BC1C-0B64EB6053A3}"
EndProject
Project("{9A19103F-16F7-4668-BE54-9A1E7A4F7556}") = "Tests", "Tests\Tests.csproj", "{10EE0923-BE13-455C-96A9-EA9C0A7488F9}"
EndProject
Project("{FAE04EC0-301F-11D3-BF4B-00C04F79EFBC}") = "06_JSON", "06_JSON\06_JSON.csproj", "{B0C76C47-BF72-4D98-9DCD-27A45D15165C}"
EndProject
Global
	GlobalSection(SolutionConfigurationPlatforms) = preSolution
		Debug|Any CPU = Debug|Any CPU
		Release|Any CPU = Release|Any CPU
	EndGlobalSection
	GlobalSection(ProjectConfigurationPlatforms) = postSolution
		{2DC08A01-9DEE-4E3A-AE78-FF16D24996A6}.Debug|Any CPU.ActiveCfg = Debug|Any CPU
		{2DC08A01-9DEE-4E3A-AE78-FF16D24996A6}.Debug|Any CPU.Build.0 = Debug|Any CPU
		{2DC08A01-9DEE-4E3A-AE78-FF16D24996A6}.Release|Any CPU.ActiveCfg = Release|Any CPU
		{2DC08A01-9DEE-4E3A-AE78-FF16D24996A6}.Release|Any CPU.Build.0 = Release|Any CPU
		{6F1EBA38-AC8E-4CB3-92EF-EAD693E28764}.Debug|Any CPU.ActiveCfg = Debug|Any CPU
		{6F1EBA38-AC8E-4CB3-92EF-EAD693E28764}.Debug|Any CPU.Build.0 = Debug|Any CPU
		{6F1EBA38-AC8E-4CB3-92EF-EAD693E28764}.Release|Any CPU.ActiveCfg = Release|Any CPU
		{6F1EBA38-AC8E-4CB3-92EF-EAD693E28764}.Release|Any CPU.Build.0 = Release|Any CPU
		{BACA2CDE-E860-485A-8640-100CC3ECA6DB}.Debug|Any CPU.ActiveCfg = Debug|Any CPU
		{BACA2CDE-E860-485A-8640-100CC3ECA6DB}.Debug|Any CPU.Build.0 = Debug|Any CPU
		{BACA2CDE-E860-485A-8640-100CC3ECA6DB}.Release|Any CPU.ActiveCfg = Release|Any CPU
		{BACA2CDE-E860-485A-8640-100CC3ECA6DB}.Release|Any CPU.Build.0 = Release|Any CPU
		{3680ACE2-32EE-4DB0-863A-AD784853C0B7}.Debug|Any CPU.ActiveCfg = Debug|Any CPU
		{3680ACE2-32EE-4DB0-863A-AD784853C0B7}.Debug|Any CPU.Build.0 = Debug|Any CPU
		{3680ACE2-32EE-4DB0-863A-AD784853C0B7}.Release|Any CPU.ActiveCfg = Release|Any CPU
		{3680ACE2-32EE-4DB0-863A-AD784853C0B7}.Release|Any CPU.Build.0 = Release|Any CPU
		{4345352B-B7CD-407C-B6DD-2D0CB9E4BABA}.Debug|Any CPU.ActiveCfg = Debug|Any CPU
		{4345352B-B7CD-407C-B6DD-2D0CB9E4BABA}.Debug|Any CPU.Build.0 = Debug|Any CPU
		{4345352B-B7CD-407C-B6DD-2D0CB9E4BABA}.Release|Any CPU.ActiveCfg = Release|Any CPU
		{4345352B-B7CD-407C-B6DD-2D0CB9E4BABA}.Release|Any CPU.Build.0 = Release|Any CPU
		{690F0C59-33F8-4A24-BC1C-0B64EB6053A3}.Debug|Any CPU.ActiveCfg = Debug|Any CPU
		{690F0C59-33F8-4A24-BC1C-0B64EB6053A3}.Debug|Any CPU.Build.0 = Debug|Any CPU
		{690F0C59-33F8-4A24-BC1C-0B64EB6053A3}.Release|Any CPU.ActiveCfg = Release|Any CPU
		{690F0C59-33F8-4A24-BC1C-0B64EB6053A3}.Release|Any CPU.Build.0 = Release|Any CPU
		{10EE0923-BE13-455C-96A9-EA9C0A7488F9}.Debug|Any CPU.ActiveCfg = Debug|Any CPU
		{10EE0923-BE13-455C-96A9-EA9C0A7488F9}.Debug|Any CPU.Build.0 = Debug|Any CPU
		{10EE0923-BE13-455C-96A9-EA9C0A7488F9}.Release|Any CPU.ActiveCfg = Release|Any CPU
		{10EE0923-BE13-455C-96A9-EA9C0A7488F9}.Release|Any CPU.Build.0 = Release|Any CPU
		{B0C76C47-BF72-4D98-9DCD-27A45D15165C}.Debug|Any CPU.ActiveCfg = Debug|Any CPU
		{B0C76C47-BF72-4D98-9DCD-27A45D15165C}.Debug|Any CPU.Build.0 = Debug|Any CPU
		{B0C76C47-BF72-4D98-9DCD-27A45D15165C}.Release|Any CPU.ActiveCfg = Release|Any CPU
		{B0C76C47-BF72-4D98-9DCD-27A45D15165C}.Release|Any CPU.Build.0 = Release|Any CPU
	EndGlobalSection
	GlobalSection(SolutionProperties) = preSolution
		HideSolutionNode = FALSE
	EndGlobalSection
	GlobalSection(ExtensibilityGlobals) = postSolution
		SolutionGuid = {9784378D-3441-4CBB-BBC7-35B355E83772}
	EndGlobalSection
EndGlobal
